
Microsoft Visual Studio Solution File, Format Version 12.00
Project("{FAE04EC0-301F-11D3-BF4B-00C04F79EFBC}") = "WPFGPT", "WPFGPT\WPFGPT.csproj", "{D7C47309-900A-4D6D-8348-50AB1DDA5803}"
EndProject
Global
	GlobalSection(SolutionConfigurationPlatforms) = preSolution
		Debug|Any CPU = Debug|Any CPU
		Release|Any CPU = Release|Any CPU
	EndGlobalSection
	GlobalSection(ProjectConfigurationPlatforms) = postSolution
		{D7C47309-900A-4D6D-8348-50AB1DDA5803}.Debug|Any CPU.ActiveCfg = Debug|Any CPU
		{D7C47309-900A-4D6D-8348-50AB1DDA5803}.Debug|Any CPU.Build.0 = Debug|Any CPU
		{D7C47309-900A-4D6D-8348-50AB1DDA5803}.Release|Any CPU.ActiveCfg = Release|Any CPU
		{D7C47309-900A-4D6D-8348-50AB1DDA5803}.Release|Any CPU.Build.0 = Release|Any CPU
	EndGlobalSection
EndGlobal
